
Microsoft Visual Studio Solution File, Format Version 12.00
Project("{FAE04EC0-301F-11D3-BF4B-00C04F79EFBC}") = "Seeders", "Seeders\Seeders.csproj", "{0F5EAB2F-8211-4D07-BA5D-425B533676B8}"
EndProject
Project("{FAE04EC0-301F-11D3-BF4B-00C04F79EFBC}") = "Seeders.EntityFrameworkCore", "Seeders.EntityFrameworkCore\Seeders.EntityFrameworkCore.csproj", "{27DF9395-F3FF-4534-BFB3-F830DF1ACB27}"
EndProject
Global
	GlobalSection(SolutionConfigurationPlatforms) = preSolution
		Debug|Any CPU = Debug|Any CPU
		Release|Any CPU = Release|Any CPU
	EndGlobalSection
	GlobalSection(ProjectConfigurationPlatforms) = postSolution
		{0F5EAB2F-8211-4D07-BA5D-425B533676B8}.Debug|Any CPU.ActiveCfg = Debug|Any CPU
		{0F5EAB2F-8211-4D07-BA5D-425B533676B8}.Debug|Any CPU.Build.0 = Debug|Any CPU
		{0F5EAB2F-8211-4D07-BA5D-425B533676B8}.Release|Any CPU.ActiveCfg = Release|Any CPU
		{0F5EAB2F-8211-4D07-BA5D-425B533676B8}.Release|Any CPU.Build.0 = Release|Any CPU
		{27DF9395-F3FF-4534-BFB3-F830DF1ACB27}.Debug|Any CPU.ActiveCfg = Debug|Any CPU
		{27DF9395-F3FF-4534-BFB3-F830DF1ACB27}.Debug|Any CPU.Build.0 = Debug|Any CPU
		{27DF9395-F3FF-4534-BFB3-F830DF1ACB27}.Release|Any CPU.ActiveCfg = Release|Any CPU
		{27DF9395-F3FF-4534-BFB3-F830DF1ACB27}.Release|Any CPU.Build.0 = Release|Any CPU
	EndGlobalSection
EndGlobal
